// !$*UTF8*$!
{
	archiveVersion = 1;
	classes = {
	};
	objectVersion = 56;
	objects = {

/* Begin PBXBuildFile section */
		990790262C931AF00066920B /* FoodieLogApp.swift in Sources */ = {isa = PBXBuildFile; fileRef = 990790252C931AF00066920B /* FoodieLogApp.swift */; };
		9907902A2C931AF10066920B /* Assets.xcassets in Resources */ = {isa = PBXBuildFile; fileRef = 990790292C931AF10066920B /* Assets.xcassets */; };
		9907902D2C931AF10066920B /* Preview Assets.xcassets in Resources */ = {isa = PBXBuildFile; fileRef = 9907902C2C931AF10066920B /* Preview Assets.xcassets */; };
		990790342C931BFB0066920B /* .gitignore in Resources */ = {isa = PBXBuildFile; fileRef = 990790332C931BFB0066920B /* .gitignore */; };
		990790372C931C4B0066920B /* APIKey.swift in Sources */ = {isa = PBXBuildFile; fileRef = 990790362C931C4B0066920B /* APIKey.swift */; };
		9907903F2C9321F80066920B /* HomeView.swift in Sources */ = {isa = PBXBuildFile; fileRef = 9907903E2C9321F80066920B /* HomeView.swift */; };
		990790412C9322CF0066920B /* FoodCardView.swift in Sources */ = {isa = PBXBuildFile; fileRef = 990790402C9322CF0066920B /* FoodCardView.swift */; };
		990790472C94011F0066920B /* RealmSwift in Frameworks */ = {isa = PBXBuildFile; productRef = 990790462C94011F0066920B /* RealmSwift */; };
		9907904B2C94031E0066920B /* MapView.swift in Sources */ = {isa = PBXBuildFile; fileRef = 9907904A2C94031E0066920B /* MapView.swift */; };
		9907904C2C9404ED0066920B /* RealmSwift in Embed Frameworks */ = {isa = PBXBuildFile; productRef = 990790462C94011F0066920B /* RealmSwift */; settings = {ATTRIBUTES = (CodeSignOnCopy, ); }; };
		990790592C9568060066920B /* KakaoMapsSDK-SPM in Frameworks */ = {isa = PBXBuildFile; productRef = 990790582C9568060066920B /* KakaoMapsSDK-SPM */; };
		9907905C2C9584B60066920B /* SearchKakaoPlace.swift in Sources */ = {isa = PBXBuildFile; fileRef = 9907905B2C9584B60066920B /* SearchKakaoPlace.swift */; };
/* End PBXBuildFile section */

/* Begin PBXCopyFilesBuildPhase section */
		9907904D2C9404ED0066920B /* Embed Frameworks */ = {
			isa = PBXCopyFilesBuildPhase;
			buildActionMask = 2147483647;
			dstPath = "";
			dstSubfolderSpec = 10;
			files = (
				9907904C2C9404ED0066920B /* RealmSwift in Embed Frameworks */,
			);
			name = "Embed Frameworks";
			runOnlyForDeploymentPostprocessing = 0;
		};
/* End PBXCopyFilesBuildPhase section */

/* Begin PBXFileReference section */
		990790222C931AF00066920B /* FoodieLog.app */ = {isa = PBXFileReference; explicitFileType = wrapper.application; includeInIndex = 0; path = FoodieLog.app; sourceTree = BUILT_PRODUCTS_DIR; };
		990790252C931AF00066920B /* FoodieLogApp.swift */ = {isa = PBXFileReference; lastKnownFileType = sourcecode.swift; path = FoodieLogApp.swift; sourceTree = "<group>"; };
		990790292C931AF10066920B /* Assets.xcassets */ = {isa = PBXFileReference; lastKnownFileType = folder.assetcatalog; path = Assets.xcassets; sourceTree = "<group>"; };
		9907902C2C931AF10066920B /* Preview Assets.xcassets */ = {isa = PBXFileReference; lastKnownFileType = folder.assetcatalog; path = "Preview Assets.xcassets"; sourceTree = "<group>"; };
		990790332C931BFB0066920B /* .gitignore */ = {isa = PBXFileReference; lastKnownFileType = text; path = .gitignore; sourceTree = "<group>"; };
		990790362C931C4B0066920B /* APIKey.swift */ = {isa = PBXFileReference; lastKnownFileType = sourcecode.swift; path = APIKey.swift; sourceTree = "<group>"; };
		9907903E2C9321F80066920B /* HomeView.swift */ = {isa = PBXFileReference; lastKnownFileType = sourcecode.swift; path = HomeView.swift; sourceTree = "<group>"; };
		990790402C9322CF0066920B /* FoodCardView.swift */ = {isa = PBXFileReference; lastKnownFileType = sourcecode.swift; path = FoodCardView.swift; sourceTree = "<group>"; };
		9907904A2C94031E0066920B /* MapView.swift */ = {isa = PBXFileReference; lastKnownFileType = sourcecode.swift; path = MapView.swift; sourceTree = "<group>"; };
		990790532C955CAE0066920B /* Info.plist */ = {isa = PBXFileReference; fileEncoding = 4; lastKnownFileType = text.plist.xml; path = Info.plist; sourceTree = "<group>"; };
		9907905B2C9584B60066920B /* SearchKakaoPlace.swift */ = {isa = PBXFileReference; lastKnownFileType = sourcecode.swift; path = SearchKakaoPlace.swift; sourceTree = "<group>"; };
/* End PBXFileReference section */

/* Begin PBXFrameworksBuildPhase section */
		9907901F2C931AF00066920B /* Frameworks */ = {
			isa = PBXFrameworksBuildPhase;
			buildActionMask = 2147483647;
			files = (
				990790472C94011F0066920B /* RealmSwift in Frameworks */,
				990790592C9568060066920B /* KakaoMapsSDK-SPM in Frameworks */,
			);
			runOnlyForDeploymentPostprocessing = 0;
		};
/* End PBXFrameworksBuildPhase section */

/* Begin PBXGroup section */
		990790192C931AF00066920B = {
			isa = PBXGroup;
			children = (
				990790332C931BFB0066920B /* .gitignore */,
				990790242C931AF00066920B /* FoodieLog */,
				990790232C931AF00066920B /* Products */,
			);
			sourceTree = "<group>";
		};
		990790232C931AF00066920B /* Products */ = {
			isa = PBXGroup;
			children = (
				990790222C931AF00066920B /* FoodieLog.app */,
			);
			name = Products;
			sourceTree = "<group>";
		};
		990790242C931AF00066920B /* FoodieLog */ = {
			isa = PBXGroup;
			children = (
				9907905A2C95844A0066920B /* Model */,
				990790352C931C110066920B /* Security */,
				990790382C931C930066920B /* Views */,
				990790252C931AF00066920B /* FoodieLogApp.swift */,
				990790532C955CAE0066920B /* Info.plist */,
				990790292C931AF10066920B /* Assets.xcassets */,
				9907902B2C931AF10066920B /* Preview Content */,
			);
			path = FoodieLog;
			sourceTree = "<group>";
		};
		9907902B2C931AF10066920B /* Preview Content */ = {
			isa = PBXGroup;
			children = (
				9907902C2C931AF10066920B /* Preview Assets.xcassets */,
			);
			path = "Preview Content";
			sourceTree = "<group>";
		};
		990790352C931C110066920B /* Security */ = {
			isa = PBXGroup;
			children = (
				990790362C931C4B0066920B /* APIKey.swift */,
			);
			path = Security;
			sourceTree = "<group>";
		};
		990790382C931C930066920B /* Views */ = {
			isa = PBXGroup;
			children = (
				990790492C94030D0066920B /* KakaoMap */,
				9907903E2C9321F80066920B /* HomeView.swift */,
				990790402C9322CF0066920B /* FoodCardView.swift */,
			);
			path = Views;
			sourceTree = "<group>";
		};
		990790492C94030D0066920B /* KakaoMap */ = {
			isa = PBXGroup;
			children = (
				9907904A2C94031E0066920B /* MapView.swift */,
			);
			path = KakaoMap;
			sourceTree = "<group>";
		};
		9907905A2C95844A0066920B /* Model */ = {
			isa = PBXGroup;
			children = (
				9907905B2C9584B60066920B /* SearchKakaoPlace.swift */,
			);
			path = Model;
			sourceTree = "<group>";
		};
/* End PBXGroup section */

/* Begin PBXNativeTarget section */
		990790212C931AF00066920B /* FoodieLog */ = {
			isa = PBXNativeTarget;
			buildConfigurationList = 990790302C931AF10066920B /* Build configuration list for PBXNativeTarget "FoodieLog" */;
			buildPhases = (
				9907901E2C931AF00066920B /* Sources */,
				9907901F2C931AF00066920B /* Frameworks */,
				990790202C931AF00066920B /* Resources */,
				9907904D2C9404ED0066920B /* Embed Frameworks */,
			);
			buildRules = (
			);
			dependencies = (
			);
			name = FoodieLog;
			packageProductDependencies = (
				990790462C94011F0066920B /* RealmSwift */,
				990790582C9568060066920B /* KakaoMapsSDK-SPM */,
			);
			productName = FoodieLog;
			productReference = 990790222C931AF00066920B /* FoodieLog.app */;
			productType = "com.apple.product-type.application";
		};
/* End PBXNativeTarget section */

/* Begin PBXProject section */
		9907901A2C931AF00066920B /* Project object */ = {
			isa = PBXProject;
			attributes = {
				BuildIndependentTargetsInParallel = 1;
				LastSwiftUpdateCheck = 1530;
				LastUpgradeCheck = 1530;
				TargetAttributes = {
					990790212C931AF00066920B = {
						CreatedOnToolsVersion = 15.3;
					};
				};
			};
			buildConfigurationList = 9907901D2C931AF00066920B /* Build configuration list for PBXProject "FoodieLog" */;
			compatibilityVersion = "Xcode 14.0";
			developmentRegion = en;
			hasScannedForEncodings = 0;
			knownRegions = (
				en,
				Base,
			);
			mainGroup = 990790192C931AF00066920B;
			packageReferences = (
				990790452C94011F0066920B /* XCRemoteSwiftPackageReference "realm-swift" */,
				990790572C9568060066920B /* XCRemoteSwiftPackageReference "KakaoMapsSDK-SPM" */,
			);
			productRefGroup = 990790232C931AF00066920B /* Products */;
			projectDirPath = "";
			projectRoot = "";
			targets = (
				990790212C931AF00066920B /* FoodieLog */,
			);
		};
/* End PBXProject section */

/* Begin PBXResourcesBuildPhase section */
		990790202C931AF00066920B /* Resources */ = {
			isa = PBXResourcesBuildPhase;
			buildActionMask = 2147483647;
			files = (
				9907902D2C931AF10066920B /* Preview Assets.xcassets in Resources */,
				990790342C931BFB0066920B /* .gitignore in Resources */,
				9907902A2C931AF10066920B /* Assets.xcassets in Resources */,
			);
			runOnlyForDeploymentPostprocessing = 0;
		};
/* End PBXResourcesBuildPhase section */

/* Begin PBXSourcesBuildPhase section */
		9907901E2C931AF00066920B /* Sources */ = {
			isa = PBXSourcesBuildPhase;
			buildActionMask = 2147483647;
			files = (
				9907903F2C9321F80066920B /* HomeView.swift in Sources */,
				9907904B2C94031E0066920B /* MapView.swift in Sources */,
				990790372C931C4B0066920B /* APIKey.swift in Sources */,
				9907905C2C9584B60066920B /* SearchKakaoPlace.swift in Sources */,
				990790412C9322CF0066920B /* FoodCardView.swift in Sources */,
				990790262C931AF00066920B /* FoodieLogApp.swift in Sources */,
			);
			runOnlyForDeploymentPostprocessing = 0;
		};
/* End PBXSourcesBuildPhase section */

/* Begin XCBuildConfiguration section */
		9907902E2C931AF10066920B /* Debug */ = {
			isa = XCBuildConfiguration;
			buildSettings = {
				ALWAYS_SEARCH_USER_PATHS = NO;
				ASSETCATALOG_COMPILER_GENERATE_SWIFT_ASSET_SYMBOL_EXTENSIONS = YES;
				CLANG_ANALYZER_NONNULL = YES;
				CLANG_ANALYZER_NUMBER_OBJECT_CONVERSION = YES_AGGRESSIVE;
				CLANG_CXX_LANGUAGE_STANDARD = "gnu++20";
				CLANG_ENABLE_MODULES = YES;
				CLANG_ENABLE_OBJC_ARC = YES;
				CLANG_ENABLE_OBJC_WEAK = YES;
				CLANG_WARN_BLOCK_CAPTURE_AUTORELEASING = YES;
				CLANG_WARN_BOOL_CONVERSION = YES;
				CLANG_WARN_COMMA = YES;
				CLANG_WARN_CONSTANT_CONVERSION = YES;
				CLANG_WARN_DEPRECATED_OBJC_IMPLEMENTATIONS = YES;
				CLANG_WARN_DIRECT_OBJC_ISA_USAGE = YES_ERROR;
				CLANG_WARN_DOCUMENTATION_COMMENTS = YES;
				CLANG_WARN_EMPTY_BODY = YES;
				CLANG_WARN_ENUM_CONVERSION = YES;
				CLANG_WARN_INFINITE_RECURSION = YES;
				CLANG_WARN_INT_CONVERSION = YES;
				CLANG_WARN_NON_LITERAL_NULL_CONVERSION = YES;
				CLANG_WARN_OBJC_IMPLICIT_RETAIN_SELF = YES;
				CLANG_WARN_OBJC_LITERAL_CONVERSION = YES;
				CLANG_WARN_OBJC_ROOT_CLASS = YES_ERROR;
				CLANG_WARN_QUOTED_INCLUDE_IN_FRAMEWORK_HEADER = YES;
				CLANG_WARN_RANGE_LOOP_ANALYSIS = YES;
				CLANG_WARN_STRICT_PROTOTYPES = YES;
				CLANG_WARN_SUSPICIOUS_MOVE = YES;
				CLANG_WARN_UNGUARDED_AVAILABILITY = YES_AGGRESSIVE;
				CLANG_WARN_UNREACHABLE_CODE = YES;
				CLANG_WARN__DUPLICATE_METHOD_MATCH = YES;
				COPY_PHASE_STRIP = NO;
				DEBUG_INFORMATION_FORMAT = dwarf;
				ENABLE_STRICT_OBJC_MSGSEND = YES;
				ENABLE_TESTABILITY = YES;
				ENABLE_USER_SCRIPT_SANDBOXING = YES;
				GCC_C_LANGUAGE_STANDARD = gnu17;
				GCC_DYNAMIC_NO_PIC = NO;
				GCC_NO_COMMON_BLOCKS = YES;
				GCC_OPTIMIZATION_LEVEL = 0;
				GCC_PREPROCESSOR_DEFINITIONS = (
					"DEBUG=1",
					"$(inherited)",
				);
				GCC_WARN_64_TO_32_BIT_CONVERSION = YES;
				GCC_WARN_ABOUT_RETURN_TYPE = YES_ERROR;
				GCC_WARN_UNDECLARED_SELECTOR = YES;
				GCC_WARN_UNINITIALIZED_AUTOS = YES_AGGRESSIVE;
				GCC_WARN_UNUSED_FUNCTION = YES;
				GCC_WARN_UNUSED_VARIABLE = YES;
				IPHONEOS_DEPLOYMENT_TARGET = 16.0;
				LOCALIZATION_PREFERS_STRING_CATALOGS = YES;
				MTL_ENABLE_DEBUG_INFO = INCLUDE_SOURCE;
				MTL_FAST_MATH = YES;
				ONLY_ACTIVE_ARCH = YES;
				SDKROOT = iphoneos;
				SWIFT_ACTIVE_COMPILATION_CONDITIONS = "DEBUG $(inherited)";
				SWIFT_OPTIMIZATION_LEVEL = "-Onone";
			};
			name = Debug;
		};
		9907902F2C931AF10066920B /* Release */ = {
			isa = XCBuildConfiguration;
			buildSettings = {
				ALWAYS_SEARCH_USER_PATHS = NO;
				ASSETCATALOG_COMPILER_GENERATE_SWIFT_ASSET_SYMBOL_EXTENSIONS = YES;
				CLANG_ANALYZER_NONNULL = YES;
				CLANG_ANALYZER_NUMBER_OBJECT_CONVERSION = YES_AGGRESSIVE;
				CLANG_CXX_LANGUAGE_STANDARD = "gnu++20";
				CLANG_ENABLE_MODULES = YES;
				CLANG_ENABLE_OBJC_ARC = YES;
				CLANG_ENABLE_OBJC_WEAK = YES;
				CLANG_WARN_BLOCK_CAPTURE_AUTORELEASING = YES;
				CLANG_WARN_BOOL_CONVERSION = YES;
				CLANG_WARN_COMMA = YES;
				CLANG_WARN_CONSTANT_CONVERSION = YES;
				CLANG_WARN_DEPRECATED_OBJC_IMPLEMENTATIONS = YES;
				CLANG_WARN_DIRECT_OBJC_ISA_USAGE = YES_ERROR;
				CLANG_WARN_DOCUMENTATION_COMMENTS = YES;
				CLANG_WARN_EMPTY_BODY = YES;
				CLANG_WARN_ENUM_CONVERSION = YES;
				CLANG_WARN_INFINITE_RECURSION = YES;
				CLANG_WARN_INT_CONVERSION = YES;
				CLANG_WARN_NON_LITERAL_NULL_CONVERSION = YES;
				CLANG_WARN_OBJC_IMPLICIT_RETAIN_SELF = YES;
				CLANG_WARN_OBJC_LITERAL_CONVERSION = YES;
				CLANG_WARN_OBJC_ROOT_CLASS = YES_ERROR;
				CLANG_WARN_QUOTED_INCLUDE_IN_FRAMEWORK_HEADER = YES;
				CLANG_WARN_RANGE_LOOP_ANALYSIS = YES;
				CLANG_WARN_STRICT_PROTOTYPES = YES;
				CLANG_WARN_SUSPICIOUS_MOVE = YES;
				CLANG_WARN_UNGUARDED_AVAILABILITY = YES_AGGRESSIVE;
				CLANG_WARN_UNREACHABLE_CODE = YES;
				CLANG_WARN__DUPLICATE_METHOD_MATCH = YES;
				COPY_PHASE_STRIP = NO;
				DEBUG_INFORMATION_FORMAT = "dwarf-with-dsym";
				ENABLE_NS_ASSERTIONS = NO;
				ENABLE_STRICT_OBJC_MSGSEND = YES;
				ENABLE_USER_SCRIPT_SANDBOXING = YES;
				GCC_C_LANGUAGE_STANDARD = gnu17;
				GCC_NO_COMMON_BLOCKS = YES;
				GCC_WARN_64_TO_32_BIT_CONVERSION = YES;
				GCC_WARN_ABOUT_RETURN_TYPE = YES_ERROR;
				GCC_WARN_UNDECLARED_SELECTOR = YES;
				GCC_WARN_UNINITIALIZED_AUTOS = YES_AGGRESSIVE;
				GCC_WARN_UNUSED_FUNCTION = YES;
				GCC_WARN_UNUSED_VARIABLE = YES;
				IPHONEOS_DEPLOYMENT_TARGET = 16.0;
				LOCALIZATION_PREFERS_STRING_CATALOGS = YES;
				MTL_ENABLE_DEBUG_INFO = NO;
				MTL_FAST_MATH = YES;
				SDKROOT = iphoneos;
				SWIFT_COMPILATION_MODE = wholemodule;
				VALIDATE_PRODUCT = YES;
			};
			name = Release;
		};
		990790312C931AF10066920B /* Debug */ = {
			isa = XCBuildConfiguration;
			buildSettings = {
				ASSETCATALOG_COMPILER_APPICON_NAME = AppIcon;
				ASSETCATALOG_COMPILER_GLOBAL_ACCENT_COLOR_NAME = AccentColor;
				CODE_SIGN_STYLE = Automatic;
				CURRENT_PROJECT_VERSION = 1;
				DEVELOPMENT_ASSET_PATHS = "\"FoodieLog/Preview Content\"";
				DEVELOPMENT_TEAM = Y2VDXSZQ3M;
				ENABLE_PREVIEWS = YES;
				GENERATE_INFOPLIST_FILE = YES;
				INFOPLIST_FILE = FoodieLog/Info.plist;
				INFOPLIST_KEY_UIApplicationSceneManifest_Generation = YES;
				INFOPLIST_KEY_UIApplicationSupportsIndirectInputEvents = YES;
				INFOPLIST_KEY_UILaunchScreen_Generation = YES;
				INFOPLIST_KEY_UISupportedInterfaceOrientations = UIInterfaceOrientationPortrait;
				INFOPLIST_KEY_UIUserInterfaceStyle = Light;
				IPHONEOS_DEPLOYMENT_TARGET = 16.0;
				LD_RUNPATH_SEARCH_PATHS = (
					"$(inherited)",
					"@executable_path/Frameworks",
				);
				MARKETING_VERSION = 1.0;
				PRODUCT_BUNDLE_IDENTIFIER = com.yun.FoodieLog;
				PRODUCT_NAME = "$(TARGET_NAME)";
				SUPPORTED_PLATFORMS = "iphoneos iphonesimulator";
				SUPPORTS_MACCATALYST = NO;
				SUPPORTS_MAC_DESIGNED_FOR_IPHONE_IPAD = NO;
				SUPPORTS_XR_DESIGNED_FOR_IPHONE_IPAD = NO;
				SWIFT_EMIT_LOC_STRINGS = YES;
				SWIFT_VERSION = 5.0;
				TARGETED_DEVICE_FAMILY = 1;
			};
			name = Debug;
		};
		990790322C931AF10066920B /* Release */ = {
			isa = XCBuildConfiguration;
			buildSettings = {
				ASSETCATALOG_COMPILER_APPICON_NAME = AppIcon;
				ASSETCATALOG_COMPILER_GLOBAL_ACCENT_COLOR_NAME = AccentColor;
				CODE_SIGN_STYLE = Automatic;
				CURRENT_PROJECT_VERSION = 1;
				DEVELOPMENT_ASSET_PATHS = "\"FoodieLog/Preview Content\"";
				DEVELOPMENT_TEAM = Y2VDXSZQ3M;
				ENABLE_PREVIEWS = YES;
				GENERATE_INFOPLIST_FILE = YES;
				INFOPLIST_FILE = FoodieLog/Info.plist;
				INFOPLIST_KEY_UIApplicationSceneManifest_Generation = YES;
				INFOPLIST_KEY_UIApplicationSupportsIndirectInputEvents = YES;
				INFOPLIST_KEY_UILaunchScreen_Generation = YES;
				INFOPLIST_KEY_UISupportedInterfaceOrientations = UIInterfaceOrientationPortrait;
				INFOPLIST_KEY_UIUserInterfaceStyle = Light;
				IPHONEOS_DEPLOYMENT_TARGET = 16.0;
				LD_RUNPATH_SEARCH_PATHS = (
					"$(inherited)",
					"@executable_path/Frameworks",
				);
				MARKETING_VERSION = 1.0;
				PRODUCT_BUNDLE_IDENTIFIER = com.yun.FoodieLog;
				PRODUCT_NAME = "$(TARGET_NAME)";
				SUPPORTED_PLATFORMS = "iphoneos iphonesimulator";
				SUPPORTS_MACCATALYST = NO;
				SUPPORTS_MAC_DESIGNED_FOR_IPHONE_IPAD = NO;
				SUPPORTS_XR_DESIGNED_FOR_IPHONE_IPAD = NO;
				SWIFT_EMIT_LOC_STRINGS = YES;
				SWIFT_VERSION = 5.0;
				TARGETED_DEVICE_FAMILY = 1;
			};
			name = Release;
		};
/* End XCBuildConfiguration section */

/* Begin XCConfigurationList section */
		9907901D2C931AF00066920B /* Build configuration list for PBXProject "FoodieLog" */ = {
			isa = XCConfigurationList;
			buildConfigurations = (
				9907902E2C931AF10066920B /* Debug */,
				9907902F2C931AF10066920B /* Release */,
			);
			defaultConfigurationIsVisible = 0;
			defaultConfigurationName = Release;
		};
		990790302C931AF10066920B /* Build configuration list for PBXNativeTarget "FoodieLog" */ = {
			isa = XCConfigurationList;
			buildConfigurations = (
				990790312C931AF10066920B /* Debug */,
				990790322C931AF10066920B /* Release */,
			);
			defaultConfigurationIsVisible = 0;
			defaultConfigurationName = Release;
		};
/* End XCConfigurationList section */

/* Begin XCRemoteSwiftPackageReference section */
		990790452C94011F0066920B /* XCRemoteSwiftPackageReference "realm-swift" */ = {
			isa = XCRemoteSwiftPackageReference;
			repositoryURL = "https://github.com/realm/realm-swift.git";
			requirement = {
				kind = exactVersion;
				version = 20.0.0;
			};
		};
		990790572C9568060066920B /* XCRemoteSwiftPackageReference "KakaoMapsSDK-SPM" */ = {
			isa = XCRemoteSwiftPackageReference;
			repositoryURL = "https://github.com/kakao-mapsSDK/KakaoMapsSDK-SPM.git";
			requirement = {
				kind = exactVersion;
				version = 2.10.5;
			};
		};
/* End XCRemoteSwiftPackageReference section */

/* Begin XCSwiftPackageProductDependency section */
		990790462C94011F0066920B /* RealmSwift */ = {
			isa = XCSwiftPackageProductDependency;
			package = 990790452C94011F0066920B /* XCRemoteSwiftPackageReference "realm-swift" */;
			productName = RealmSwift;
		};
		990790582C9568060066920B /* KakaoMapsSDK-SPM */ = {
			isa = XCSwiftPackageProductDependency;
			package = 990790572C9568060066920B /* XCRemoteSwiftPackageReference "KakaoMapsSDK-SPM" */;
			productName = "KakaoMapsSDK-SPM";
		};
/* End XCSwiftPackageProductDependency section */
	};
	rootObject = 9907901A2C931AF00066920B /* Project object */;
}
